Microsoft Visual Studio Solution File, Format Version 12.00
# Visual Studio Version 17
VisualStudioVersion = 17.5.2.0
MinimumVisualStudioVersion = 10.0.40219.1
Project("{FAE04EC0-301F-11D3-BF4B-00C04F79EFBC}") = "BitcoinMixer", "BitcoinMixer.csproj", "{EED6DF08-C37F-2EF4-F478-3C2EB5FBBA43}"
EndProject
Global
	GlobalSection(SolutionConfigurationPlatforms) = preSolution
		Debug|Any CPU = Debug|Any CPU
		Release|Any CPU = Release|Any CPU
	EndGlobalSection
	GlobalSection(ProjectConfigurationPlatforms) = postSolution
		{EED6DF08-C37F-2EF4-F478-3C2EB5FBBA43}.Debug|Any CPU.ActiveCfg = Debug|Any CPU
		{EED6DF08-C37F-2EF4-F478-3C2EB5FBBA43}.Debug|Any CPU.Build.0 = Debug|Any CPU
		{EED6DF08-C37F-2EF4-F478-3C2EB5FBBA43}.Release|Any CPU.ActiveCfg = Release|Any CPU
		{EED6DF08-C37F-2EF4-F478-3C2EB5FBBA43}.Release|Any CPU.Build.0 = Release|Any CPU
	EndGlobalSection
	GlobalSection(SolutionProperties) = preSolution
		HideSolutionNode = FALSE
	EndGlobalSection
	GlobalSection(ExtensibilityGlobals) = postSolution
		SolutionGuid = {ADF30612-9760-4C81-9632-7BF83C33402B}
	EndGlobalSection
EndGlobal
